{
  "nodes": {
    "crane": {
      "locked": {
        "lastModified": 1779130139,
        "narHash": "sha256-BLrtr42azquO7MdGFU5a7KiMl3YpFlTeIXqy1fT5GlQ=",
        "owner": "ipetkov",
        "repo": "crane",
        "rev": "edb38893982a3338972bb4a2ec7ce7c29ba10fd9",
        "type": "github"
      },
      "original": {
        "owner": "ipetkov",
        "repo": "crane",
        "type": "github"
      }
    },
    "fenix": {
      "inputs": {
        "nixpkgs": [
          "nixpkgs"
        ],
        "rust-analyzer-src": "rust-analyzer-src"
      },
      "locked": {
        "lastModified": 1779790483,
        "narHash": "sha256-2wCMtmVmkCcyHaH6hkrbx7XdUgLYP5E1wl/jc1YxxTY=",
        "owner": "nix-community",
        "repo": "fenix",
        "rev": "6012e5463531342033571efe294ec880bf13dd95",
        "type": "github"
      },
      "original": {
        "owner": "nix-community",
        "repo": "fenix",
        "type": "github"
      }
    },
    "flakelight": {
      "inputs": {
        "nixpkgs": "nixpkgs"
      },
      "locked": {
        "lastModified": 1779722240,
        "narHash": "sha256-cX1d9V5JHTytsSdH8RrgyU4fFdm4oooRuKBcJuiyI4U=",
        "owner": "nix-community",
        "repo": "flakelight",
        "rev": "6908ac68dd682d1cb22fdb9391b890798f083a48",
        "type": "github"
      },
      "original": {
        "owner": "nix-community",
        "repo": "flakelight",
        "type": "github"
      }
    },
    "nixpkgs": {
      "locked": {
        "lastModified": 1779560665,
        "narHash": "sha256-tpyBcxPpcQb8ukyNF7DoCwfSY3VPsxHoYwj00Cayv5o=",
        "owner": "NixOS",
        "repo": "nixpkgs",
        "rev": "64c08a7ca051951c8eae34e3e3cb1e202fe36786",
        "type": "github"
      },
      "original": {
        "owner": "NixOS",
        "ref": "nixos-unstable",
        "repo": "nixpkgs",
        "type": "github"
      }
    },
    "nixpkgs_2": {
      "locked": {
        "lastModified": 1779694939,
        "narHash": "sha256-Ly4j75O8ICaSQx3uxPnwk2x7PMF0XQvn5r0c3yBA7FI=",
        "owner": "NixOS",
        "repo": "nixpkgs",
        "rev": "f9d8b65950353691ab56561e7c73d2e1063d810b",
        "type": "github"
      },
      "original": {
        "owner": "NixOS",
        "ref": "nixpkgs-unstable",
        "repo": "nixpkgs",
        "type": "github"
      }
    },
    "retoc-rivals": {
      "flake": false,
      "locked": {
        "lastModified": 1779630068,
        "narHash": "sha256-Mk0eXXX2zIZUmBuoZsVIdQcEp/SAYlDK1h/KZSbJODM=",
        "owner": "natimerry",
        "repo": "retoc-rivals",
        "rev": "00a9468510902bfb078393718e484d6c5a66a1af",
        "type": "github"
      },
      "original": {
        "owner": "natimerry",
        "repo": "retoc-rivals",
        "rev": "00a9468510902bfb078393718e484d6c5a66a1af",
        "type": "github"
      }
    },
    "root": {
      "inputs": {
        "crane": "crane",
        "fenix": "fenix",
        "flakelight": "flakelight",
        "nixpkgs": "nixpkgs_2",
        "retoc-rivals": "retoc-rivals",
        "uasset-mesh-patch-rivals": "uasset-mesh-patch-rivals"
      }
    },
    "rust-analyzer-src": {
      "flake": false,
      "locked": {
        "lastModified": 1779742949,
        "narHash": "sha256-Dk0hnFTXbmNmigsJyQkCz2NEEgtpe+MN500dPnki9Ic=",
        "owner": "rust-lang",
        "repo": "rust-analyzer",
        "rev": "462d95ca60fa7360b44258be94105bc20e203684",
        "type": "github"
      },
      "original": {
        "owner": "rust-lang",
        "ref": "nightly",
        "repo": "rust-analyzer",
        "type": "github"
      }
    },
    "uasset-mesh-patch-rivals": {
      "flake": false,
      "locked": {
        "lastModified": 1779287736,
        "narHash": "sha256-Z2z4WxAsDjgwsyKmskkMAG06bUlWq/4cZATI94ycIyw=",
        "owner": "natimerry",
        "repo": "uasset-mesh-patch-rivals",
        "rev": "93f78118b661dde469f41361a2ebf004eb4f4ca2",
        "type": "github"
      },
      "original": {
        "owner": "natimerry",
        "repo": "uasset-mesh-patch-rivals",
        "rev": "93f78118b661dde469f41361a2ebf004eb4f4ca2",
        "type": "github"
      }
    }
  },
  "root": "root",
  "version": 7
}
